
Microsoft Visual Studio Solution File, Format Version 12.00
# Visual Studio Version 16
VisualStudioVersion = 16.0.31410.357
MinimumVisualStudioVersion = 10.0.40219.1
Project("{FAE04EC0-301F-11D3-BF4B-00C04F79EFBC}") = "Introdução a objeto", "Introdução a objeto\Introdução a objeto.csproj", "{1230A4F1-933E-4B9D-A4C5-045D55FA1CD7}"
EndProject
Global
	GlobalSection(SolutionConfigurationPlatforms) = preSolution
		Debug|Any CPU = Debug|Any CPU
		Release|Any CPU = Release|Any CPU
	EndGlobalSection
	GlobalSection(ProjectConfigurationPlatforms) = postSolution
		{1230A4F1-933E-4B9D-A4C5-045D55FA1CD7}.Debug|Any CPU.ActiveCfg = Debug|Any CPU
		{1230A4F1-933E-4B9D-A4C5-045D55FA1CD7}.Debug|Any CPU.Build.0 = Debug|Any CPU
		{1230A4F1-933E-4B9D-A4C5-045D55FA1CD7}.Release|Any CPU.ActiveCfg = Release|Any CPU
		{1230A4F1-933E-4B9D-A4C5-045D55FA1CD7}.Release|Any CPU.Build.0 = Release|Any CPU
	EndGlobalSection
	GlobalSection(SolutionProperties) = preSolution
		HideSolutionNode = FALSE
	EndGlobalSection
	GlobalSection(ExtensibilityGlobals) = postSolution
		SolutionGuid = {B584F7AF-6F4D-427A-98F4-3CB6162750F4}
	EndGlobalSection
EndGlobal
